
Microsoft Visual Studio Solution File, Format Version 12.00
# Visual Studio Version 17
VisualStudioVersion = 17.2.32616.157
MinimumVisualStudioVersion = 10.0.40219.1
Project("{9A19103F-16F7-4668-BE54-9A1E7A4F7556}") = "BlazorPWA", "BlazorPWA\BlazorPWA.csproj", "{F9BF101B-DA41-472D-9DB6-2DDE578C4C2A}"
EndProject
Project("{FAE04EC0-301F-11D3-BF4B-00C04F79EFBC}") = "BlazorPWADomain", "BlazorPWADomain\BlazorPWADomain.csproj", "{F4C6ABBB-0447-4E48-976D-60D3B6571930}"
EndProject
Global
	GlobalSection(SolutionConfigurationPlatforms) = preSolution
		Debug|Any CPU = Debug|Any CPU
		Release|Any CPU = Release|Any CPU
	EndGlobalSection
	GlobalSection(ProjectConfigurationPlatforms) = postSolution
		{F9BF101B-DA41-472D-9DB6-2DDE578C4C2A}.Debug|Any CPU.ActiveCfg = Debug|Any CPU
		{F9BF101B-DA41-472D-9DB6-2DDE578C4C2A}.Debug|Any CPU.Build.0 = Debug|Any CPU
		{F9BF101B-DA41-472D-9DB6-2DDE578C4C2A}.Release|Any CPU.ActiveCfg = Release|Any CPU
		{F9BF101B-DA41-472D-9DB6-2DDE578C4C2A}.Release|Any CPU.Build.0 = Release|Any CPU
		{F4C6ABBB-0447-4E48-976D-60D3B6571930}.Debug|Any CPU.ActiveCfg = Debug|Any CPU
		{F4C6ABBB-0447-4E48-976D-60D3B6571930}.Debug|Any CPU.Build.0 = Debug|Any CPU
		{F4C6ABBB-0447-4E48-976D-60D3B6571930}.Release|Any CPU.ActiveCfg = Release|Any CPU
		{F4C6ABBB-0447-4E48-976D-60D3B6571930}.Release|Any CPU.Build.0 = Release|Any CPU
	EndGlobalSection
	GlobalSection(SolutionProperties) = preSolution
		HideSolutionNode = FALSE
	EndGlobalSection
	GlobalSection(ExtensibilityGlobals) = postSolution
		SolutionGuid = {5DC4A44C-153B-45E1-A1E5-3CF934778B4F}
	EndGlobalSection
EndGlobal
